
Microsoft Visual Studio Solution File, Format Version 12.00
# Visual Studio Version 16
VisualStudioVersion = 16.0.30320.27
MinimumVisualStudioVersion = 10.0.40219.1
Project("{FAE04EC0-301F-11D3-BF4B-00C04F79EFBC}") = "LAB-5---C---Space-Game", "LAB-5---C---Space-Game.csproj", "{EA502E01-BEBC-43EA-BC51-4DB911AF6190}"
EndProject
Global
	GlobalSection(SolutionConfigurationPlatforms) = preSolution
		Debug|Any CPU = Debug|Any CPU
		Release|Any CPU = Release|Any CPU
	EndGlobalSection
	GlobalSection(ProjectConfigurationPlatforms) = postSolution
		{EA502E01-BEBC-43EA-BC51-4DB911AF6190}.Debug|Any CPU.ActiveCfg = Debug|Any CPU
		{EA502E01-BEBC-43EA-BC51-4DB911AF6190}.Debug|Any CPU.Build.0 = Debug|Any CPU
		{EA502E01-BEBC-43EA-BC51-4DB911AF6190}.Release|Any CPU.ActiveCfg = Release|Any CPU
		{EA502E01-BEBC-43EA-BC51-4DB911AF6190}.Release|Any CPU.Build.0 = Release|Any CPU
	EndGlobalSection
	GlobalSection(SolutionProperties) = preSolution
		HideSolutionNode = FALSE
	EndGlobalSection
	GlobalSection(ExtensibilityGlobals) = postSolution
		SolutionGuid = {2B473970-044B-4614-A650-C4FAB04678A4}
	EndGlobalSection
EndGlobal
